{
  "name": "@anima/communication",
  "version": "1.0.0",
  "lockfileVersion": 3,
  "requires": true,
  "packages": {
    "": {
      "name": "@anima/communication",
      "version": "1.0.0",
      "dependencies": {
        "@noble/curves": "2.0.1",
        "ts-mls": "1.6.4"
      }
    },
    "node_modules/@hpke/common": {
      "version": "1.10.1",
      "resolved": "https://registry.npmjs.org/@hpke/common/-/common-1.10.1.tgz",
      "integrity": "sha512-moJwhmtLtuxiUzzNp1jpfBfx8yefKoO9D/RCR9dmwrnc7qjJqId1rEtQz+lSlU5cabX8daToMSx/7HayXOiaFw==",
      "license": "MIT",
      "engines": {
        "node": ">=16.0.0"
      }
    },
    "node_modules/@hpke/core": {
      "version": "1.9.0",
      "resolved": "https://registry.npmjs.org/@hpke/core/-/core-1.9.0.tgz",
      "integrity": "sha512-pFxWl1nNJeQCSUFs7+GAblHvXBCjn9EPN65vdKlYQil2aURaRxfGMO6vBKGqm1YHTKwiAxJQNEI70PbSowMP9Q==",
      "license": "MIT",
      "dependencies": {
        "@hpke/common": "^1.10.0"
      },
      "engines": {
        "node": ">=16.0.0"
      }
    },
    "node_modules/@noble/ciphers": {
      "version": "2.1.1",
      "resolved": "https://registry.npmjs.org/@noble/ciphers/-/ciphers-2.1.1.tgz",
      "integrity": "sha512-bysYuiVfhxNJuldNXlFEitTVdNnYUc+XNJZd7Qm2a5j1vZHgY+fazadNFWFaMK/2vye0JVlxV3gHmC0WDfAOQw==",
      "license": "MIT",
      "peer": true,
      "engines": {
        "node": ">= 20.19.0"
      },
      "funding": {
        "url": "https://paulmillr.com/funding/"
      }
    },
    "node_modules/@noble/curves": {
      "version": "2.0.1",
      "resolved": "https://registry.npmjs.org/@noble/curves/-/curves-2.0.1.tgz",
      "integrity": "sha512-vs1Az2OOTBiP4q0pwjW5aF0xp9n4MxVrmkFBxc6EKZc6ddYx5gaZiAsZoq0uRRXWbi3AT/sBqn05eRPtn1JCPw==",
      "license": "MIT",
      "dependencies": {
        "@noble/hashes": "2.0.1"
      },
      "engines": {
        "node": ">= 20.19.0"
      },
      "funding": {
        "url": "https://paulmillr.com/funding/"
      }
    },
    "node_modules/@noble/hashes": {
      "version": "2.0.1",
      "resolved": "https://registry.npmjs.org/@noble/hashes/-/hashes-2.0.1.tgz",
      "integrity": "sha512-XlOlEbQcE9fmuXxrVTXCTlG2nlRXa9Rj3rr5Ue/+tX+nmkgbX720YHh0VR3hBF9xDvwnb8D2shVGOwNx+ulArw==",
      "license": "MIT",
      "engines": {
        "node": ">= 20.19.0"
      },
      "funding": {
        "url": "https://paulmillr.com/funding/"
      }
    },
    "node_modules/ts-mls": {
      "version": "1.6.4",
      "resolved": "https://registry.npmjs.org/ts-mls/-/ts-mls-1.6.4.tgz",
      "integrity": "sha512-BFb9qJ3V1+HIuifC+MtnlROEj3oc6NEzA7Ig1/LAmANDRhNay7UCnwkzijzHH9cav5wf1BoJw8KQ2mXiEhPy1Q==",
      "license": "MIT",
      "dependencies": {
        "@hpke/core": "1.9.0"
      },
      "peerDependencies": {
        "@hpke/chacha20poly1305": "1.8.0",
        "@hpke/dhkem-x448": "1.8.0",
        "@hpke/hybridkem-x-wing": "0.7.0",
        "@hpke/ml-kem": "0.3.0",
        "@noble/ciphers": "2.1.1",
        "@noble/curves": "2.0.1",
        "@noble/post-quantum": "0.5.2"
      },
      "peerDependenciesMeta": {
        "@hpke/chacha20poly1305": {
          "optional": true
        },
        "@hpke/dhkem-x448": {
          "optional": true
        },
        "@hpke/hybridkem-x-wing": {
          "optional": true
        },
        "@hpke/ml-kem": {
          "optional": true
        },
        "@noble/curves": {
          "optional": true
        },
        "@noble/post-quantum": {
          "optional": true
        }
      }
    }
  }
}
